
Microsoft Visual Studio Solution File, Format Version 12.00
# Visual Studio 15
Project("{FAE04EC0-301F-11D3-BF4B-00C04F79EFBC}") = "Assembly-CSharp", "Assembly-CSharp.csproj", "{0262F255-7E9B-6383-D514-3E12462A7D32}"
EndProject
Project("{FAE04EC0-301F-11D3-BF4B-00C04F79EFBC}") = "Assembly-CSharp-firstpass", "Assembly-CSharp-firstpass.csproj", "{34E7477F-CAD3-B463-FEA8-0A5CD498925E}"
EndProject
Project("{FAE04EC0-301F-11D3-BF4B-00C04F79EFBC}") = "Assembly-CSharp-Editor-firstpass", "Assembly-CSharp-Editor-firstpass.csproj", "{7DEC80BD-269D-FFBD-B063-74FF8A2E866B}"
EndProject
Global
	GlobalSection(SolutionConfigurationPlatforms) = preSolution
		Debug|Any CPU = Debug|Any CPU
		Release|Any CPU = Release|Any CPU
	EndGlobalSection
	GlobalSection(ProjectConfigurationPlatforms) = postSolution
		{0262F255-7E9B-6383-D514-3E12462A7D32}.Debug|Any CPU.ActiveCfg = Debug|Any CPU
		{0262F255-7E9B-6383-D514-3E12462A7D32}.Debug|Any CPU.Build.0 = Debug|Any CPU
		{0262F255-7E9B-6383-D514-3E12462A7D32}.Release|Any CPU.ActiveCfg = Release|Any CPU
		{0262F255-7E9B-6383-D514-3E12462A7D32}.Release|Any CPU.Build.0 = Release|Any CPU
		{34E7477F-CAD3-B463-FEA8-0A5CD498925E}.Debug|Any CPU.ActiveCfg = Debug|Any CPU
		{34E7477F-CAD3-B463-FEA8-0A5CD498925E}.Debug|Any CPU.Build.0 = Debug|Any CPU
		{34E7477F-CAD3-B463-FEA8-0A5CD498925E}.Release|Any CPU.ActiveCfg = Release|Any CPU
		{34E7477F-CAD3-B463-FEA8-0A5CD498925E}.Release|Any CPU.Build.0 = Release|Any CPU
		{7DEC80BD-269D-FFBD-B063-74FF8A2E866B}.Debug|Any CPU.ActiveCfg = Debug|Any CPU
		{7DEC80BD-269D-FFBD-B063-74FF8A2E866B}.Debug|Any CPU.Build.0 = Debug|Any CPU
		{7DEC80BD-269D-FFBD-B063-74FF8A2E866B}.Release|Any CPU.ActiveCfg = Release|Any CPU
		{7DEC80BD-269D-FFBD-B063-74FF8A2E866B}.Release|Any CPU.Build.0 = Release|Any CPU
	EndGlobalSection
	GlobalSection(SolutionProperties) = preSolution
		HideSolutionNode = FALSE
	EndGlobalSection
EndGlobal
